
Microsoft Visual Studio Solution File, Format Version 12.00
# Visual Studio Version 17
VisualStudioVersion = 17.7.34024.191
MinimumVisualStudioVersion = 10.0.40219.1
Project("{FAE04EC0-301F-11D3-BF4B-00C04F79EFBC}") = "StopGame", "StopGame.csproj", "{580E172F-F03D-4904-B62B-806F82D62572}"
EndProject
Project("{FAE04EC0-301F-11D3-BF4B-00C04F79EFBC}") = "Domain", "..\Domain\Domain.csproj", "{289EBD7C-111A-4CD7-B692-72D8A3265914}"
EndProject
Project("{FAE04EC0-301F-11D3-BF4B-00C04F79EFBC}") = "Security", "..\Security\Security.csproj", "{C1717C50-46F2-4940-925B-159C74647237}"
EndProject
Global
	GlobalSection(SolutionConfigurationPlatforms) = preSolution
		Debug|Any CPU = Debug|Any CPU
		Release|Any CPU = Release|Any CPU
	EndGlobalSection
	GlobalSection(ProjectConfigurationPlatforms) = postSolution
		{580E172F-F03D-4904-B62B-806F82D62572}.Debug|Any CPU.ActiveCfg = Debug|Any CPU
		{580E172F-F03D-4904-B62B-806F82D62572}.Debug|Any CPU.Build.0 = Debug|Any CPU
		{580E172F-F03D-4904-B62B-806F82D62572}.Release|Any CPU.ActiveCfg = Release|Any CPU
		{580E172F-F03D-4904-B62B-806F82D62572}.Release|Any CPU.Build.0 = Release|Any CPU
		{289EBD7C-111A-4CD7-B692-72D8A3265914}.Debug|Any CPU.ActiveCfg = Debug|Any CPU
		{289EBD7C-111A-4CD7-B692-72D8A3265914}.Debug|Any CPU.Build.0 = Debug|Any CPU
		{289EBD7C-111A-4CD7-B692-72D8A3265914}.Release|Any CPU.ActiveCfg = Release|Any CPU
		{289EBD7C-111A-4CD7-B692-72D8A3265914}.Release|Any CPU.Build.0 = Release|Any CPU
		{C1717C50-46F2-4940-925B-159C74647237}.Debug|Any CPU.ActiveCfg = Debug|Any CPU
		{C1717C50-46F2-4940-925B-159C74647237}.Debug|Any CPU.Build.0 = Debug|Any CPU
		{C1717C50-46F2-4940-925B-159C74647237}.Release|Any CPU.ActiveCfg = Release|Any CPU
		{C1717C50-46F2-4940-925B-159C74647237}.Release|Any CPU.Build.0 = Release|Any CPU
	EndGlobalSection
	GlobalSection(SolutionProperties) = preSolution
		HideSolutionNode = FALSE
	EndGlobalSection
	GlobalSection(ExtensibilityGlobals) = postSolution
		SolutionGuid = {5EDE1ADF-4378-4A9A-B243-C548B7EDE9F1}
	EndGlobalSection
EndGlobal
